
Microsoft Visual Studio Solution File, Format Version 12.00
# Visual Studio 15
VisualStudioVersion = 15.0.28010.2046
MinimumVisualStudioVersion = 10.0.40219.1
Project("{FAE04EC0-301F-11D3-BF4B-00C04F79EFBC}") = "SQL_CLR_Assembly_Spatial_Reproject", "SQL_CLR_Assembly_Spatial_Reproject\SQL_CLR_Assembly_Spatial_Reproject.csproj", "{3495C17B-D94B-43AB-BDE5-76278F1E9894}"
EndProject
Global
	GlobalSection(SolutionConfigurationPlatforms) = preSolution
		Debug|Any CPU = Debug|Any CPU
		Release|Any CPU = Release|Any CPU
	EndGlobalSection
	GlobalSection(ProjectConfigurationPlatforms) = postSolution
		{3495C17B-D94B-43AB-BDE5-76278F1E9894}.Debug|Any CPU.ActiveCfg = Debug|Any CPU
		{3495C17B-D94B-43AB-BDE5-76278F1E9894}.Debug|Any CPU.Build.0 = Debug|Any CPU
		{3495C17B-D94B-43AB-BDE5-76278F1E9894}.Release|Any CPU.ActiveCfg = Release|Any CPU
		{3495C17B-D94B-43AB-BDE5-76278F1E9894}.Release|Any CPU.Build.0 = Release|Any CPU
	EndGlobalSection
	GlobalSection(SolutionProperties) = preSolution
		HideSolutionNode = FALSE
	EndGlobalSection
	GlobalSection(ExtensibilityGlobals) = postSolution
		SolutionGuid = {534B179E-AEB3-4A39-AEB9-1D4F0CF2C505}
	EndGlobalSection
EndGlobal
